
Microsoft Visual Studio Solution File, Format Version 12.00
# Visual Studio Version 17
VisualStudioVersion = 17.5.002.0
MinimumVisualStudioVersion = 10.0.40219.1
Project("{9A19103F-16F7-4668-BE54-9A1E7A4F7556}") = "RomanNumerals", "RomanNumerals\RomanNumerals.csproj", "{80A2330E-EBFE-4CC5-8FD2-C9DFA424BD0F}"
EndProject
Project("{9A19103F-16F7-4668-BE54-9A1E7A4F7556}") = "RomanNumeralTests", "RomanNumeralTests\RomanNumeralTests.csproj", "{0B3B6194-7720-4993-9D8E-947FEB61638F}"
EndProject
Global
	GlobalSection(SolutionConfigurationPlatforms) = preSolution
		Debug|Any CPU = Debug|Any CPU
		Release|Any CPU = Release|Any CPU
	EndGlobalSection
	GlobalSection(ProjectConfigurationPlatforms) = postSolution
		{80A2330E-EBFE-4CC5-8FD2-C9DFA424BD0F}.Debug|Any CPU.ActiveCfg = Debug|Any CPU
		{80A2330E-EBFE-4CC5-8FD2-C9DFA424BD0F}.Debug|Any CPU.Build.0 = Debug|Any CPU
		{80A2330E-EBFE-4CC5-8FD2-C9DFA424BD0F}.Release|Any CPU.ActiveCfg = Release|Any CPU
		{80A2330E-EBFE-4CC5-8FD2-C9DFA424BD0F}.Release|Any CPU.Build.0 = Release|Any CPU
		{0B3B6194-7720-4993-9D8E-947FEB61638F}.Debug|Any CPU.ActiveCfg = Debug|Any CPU
		{0B3B6194-7720-4993-9D8E-947FEB61638F}.Debug|Any CPU.Build.0 = Debug|Any CPU
		{0B3B6194-7720-4993-9D8E-947FEB61638F}.Release|Any CPU.ActiveCfg = Release|Any CPU
		{0B3B6194-7720-4993-9D8E-947FEB61638F}.Release|Any CPU.Build.0 = Release|Any CPU
	EndGlobalSection
	GlobalSection(SolutionProperties) = preSolution
		HideSolutionNode = FALSE
	EndGlobalSection
	GlobalSection(ExtensibilityGlobals) = postSolution
		SolutionGuid = {59999AA8-B02B-4EE9-9B7C-4A2DB3BA9A29}
	EndGlobalSection
EndGlobal
